
Microsoft Visual Studio Solution File, Format Version 12.00
# Visual Studio Version 17
VisualStudioVersion = 17.4.33213.308
MinimumVisualStudioVersion = 10.0.40219.1
Project("{FAE04EC0-301F-11D3-BF4B-00C04F79EFBC}") = "permutations-of-letters", "Task_2\permutations-of-letters.csproj", "{5C1EAD4D-9710-4CB6-84EC-1A66FEEC8AB3}"
EndProject
Project("{2150E333-8FDC-42A3-9474-1A3956D46DE8}") = "Условие и тесты", "Условие и тесты", "{D3EF3A40-1159-42F2-B88F-B2AD21B73D29}"
	ProjectSection(SolutionItems) = preProject
		task-2(tests).jpg = task-2(tests).jpg
		task-2.jpg = task-2.jpg
	EndProjectSection
EndProject
Global
	GlobalSection(SolutionConfigurationPlatforms) = preSolution
		Debug|Any CPU = Debug|Any CPU
		Release|Any CPU = Release|Any CPU
	EndGlobalSection
	GlobalSection(ProjectConfigurationPlatforms) = postSolution
		{5C1EAD4D-9710-4CB6-84EC-1A66FEEC8AB3}.Debug|Any CPU.ActiveCfg = Debug|Any CPU
		{5C1EAD4D-9710-4CB6-84EC-1A66FEEC8AB3}.Debug|Any CPU.Build.0 = Debug|Any CPU
		{5C1EAD4D-9710-4CB6-84EC-1A66FEEC8AB3}.Release|Any CPU.ActiveCfg = Release|Any CPU
		{5C1EAD4D-9710-4CB6-84EC-1A66FEEC8AB3}.Release|Any CPU.Build.0 = Release|Any CPU
	EndGlobalSection
	GlobalSection(SolutionProperties) = preSolution
		HideSolutionNode = FALSE
	EndGlobalSection
	GlobalSection(ExtensibilityGlobals) = postSolution
		SolutionGuid = {D03BEDCF-4A7F-41FC-B0A6-7343B73D307D}
	EndGlobalSection
EndGlobal
